{
    "_meta": {
        "hash": {
            "sha256": "db194a3ef7dc096c6787c8cd0ede281d17ba9ec35f2102ba6b71e39eaa34990c"
        },
        "pipfile-spec": 6,
        "requires": {
            "python_version": "3.6"
        },
        "sources": [
            {
                "name": "pypi",
                "url": "https://pypi.org/simple",
                "verify_ssl": true
            }
        ]
    },
    "default": {
        "aiohttp": {
            "hashes": [
                "sha256:0be9782f27f150acc18c20ddb035655625d054ead119eb6e906647eb9a94f6c4",
                "sha256:1b95d53f8dac13898f0a3e4af76f6f36d540fbfaefc4f4c9f43e436fa0e53d22",
                "sha256:1d62305fca4479b7f0a1254a78fa1e57e0440f5e9547a1d47e5f8dece264d414",
                "sha256:294cf24187b8bcf3e9b368f2d67e1a6584b0a27667886612eff02d0cd3be460f",
                "sha256:29cbcdf61b094140a10923ededcda6c961032d44518d64fc832cb602a5ff21e8",
                "sha256:359d3e7dfe9f0f6d8c6105152d6fbc45027992f40bdf971484dbc5e7dc7c456f",
                "sha256:43930d119cae96b1a743c2e542fe93bd8db48d8b0d041933bd0b008a29f286f2",
                "sha256:862c5694a192a18cbcf3553fdff121aa9abe1b4edd65af7953b258211808437d",
                "sha256:92b3aaa2896109be9a477f8a57314a144c9d56c6b7e16183e43e5fcad5e89da8",
                "sha256:9ba1394d3eea2a3e2641e9a93a95b6d8b09478ef1d2ce2845e0ee1511a2937d2",
                "sha256:a00d4115ae2f5dcf678f482e2235d89eea495e883297e5fd19db429aa1e64d43",
                "sha256:a169c6d5173c7f60e70055a2ab71b93c90f2d693164e93502744b82ff7c0e282",
                "sha256:bd2092d2c2cfdd3363e3815d473464b45c79e0794d60e7c4c89c2adc12ef64b4",
                "sha256:d51800bdc01d9c1c70fa3ed394a1755f93464354b04039b41d48ce1308517e81",
                "sha256:defc2afb61b9fd08b2d07e536a1497a50925f1078e598ebc7eba080d33cdd5f6"
            ],
            "index": "pypi",
            "version": "==3.2.1"
        },
        "async-timeout": {
            "hashes": [
                "sha256:474d4bc64cee20603e225eb1ece15e248962958b45a3648a9f5cc29e827a610c",
                "sha256:b3c0ddc416736619bd4a95ca31de8da6920c3b9a140c64dbef2b2fa7bf521287"
            ],
            "version": "==3.0.0"
        },
        "attrs": {
            "hashes": [
                "sha256:4b90b09eeeb9b88c35bc642cbac057e45a5fd85367b985bd2809c62b7b939265",
                "sha256:e0d0eb91441a3b53dab4d9b743eafc1ac44476296a2053b6ca3af0b139faf87b"
            ],
            "version": "==18.1.0"
        },
        "beautifulsoup4": {
            "hashes": [
                "sha256:11a9a27b7d3bddc6d86f59fb76afb70e921a25ac2d6cc55b40d072bd68435a76",
                "sha256:7015e76bf32f1f574636c4288399a6de66ce08fb7b2457f628a8d70c0fbabb11",
                "sha256:808b6ac932dccb0a4126558f7dfdcf41710dd44a4ef497a0bb59a77f9f078e89"
            ],
            "index": "pypi",
            "version": "==4.6.0"
        },
        "bs4": {
            "hashes": [
                "sha256:36ecea1fd7cc5c0c6e4a1ff075df26d50da647b75376626cc186e2212886dd3a"
            ],
            "index": "pypi",
            "version": "==0.0.1"
        },
        "certifi": {
            "hashes": [
                "sha256:13e698f54293db9f89122b0581843a782ad0934a4fe0172d2a980ba77fc61bb7",
                "sha256:9fa520c1bacfb634fa7af20a76bcbd3d5fb390481724c597da32c719a7dca4b0"
            ],
            "index": "pypi",
            "version": "==2018.4.16"
        },
        "chardet": {
            "hashes": [
                "sha256:84ab92ed1c4d4f16916e05906b6b75a6c0fb5db821cc65e70cbd64a3e2a5eaae",
                "sha256:fc323ffcaeaed0e0a02bf4d117757b98aed530d9ed4531e3e15460124c106691"
            ],
            "index": "pypi",
            "version": "==3.0.4"
        },
        "click": {
            "hashes": [
                "sha256:29f99fc6125fbc931b758dc053b3114e55c77a6e4c6c3a2674a2dc986016381d",
                "sha256:f15516df478d5a56180fbf80e68f206010e6d160fc39fa508b65e035fd75130b"
            ],
            "index": "pypi",
            "version": "==6.7"
        },
        "gtts": {
            "hashes": [
                "sha256:8607176dbd912f23bdb63fa346bfe70aab0c844a7fd98e2d31e0e549c443c2b3"
            ],
            "index": "pypi",
            "version": "==2.0.0"
        },
        "gtts-token": {
            "hashes": [
                "sha256:74badf3ba37773d8ba4a462a09b64de76a0ebd4015d667a6fdb041c2219283ef"
            ],
            "index": "pypi",
            "version": "==1.1.1"
        },
        "idna": {
            "hashes": [
                "sha256:2c6a5de3089009e3da7c5dde64a141dbc8551d5b7f6cf4ed7c2568d0cc520a8f",
                "sha256:8c7309c718f94b3a625cb648ace320157ad16ff131ae0af362c9f21b80ef6ec4"
            ],
            "index": "pypi",
            "version": "==2.6"
        },
        "idna-ssl": {
            "hashes": [
                "sha256:1293f030bc608e9aa9cdee72aa93c1521bbb9c7698068c61c9ada6772162b979"
            ],
            "version": "==1.0.1"
        },
        "multidict": {
            "hashes": [
                "sha256:1a1d76374a1e7fe93acef96b354a03c1d7f83e7512e225a527d283da0d7ba5e0",
                "sha256:1d6e191965505652f194bc4c40270a842922685918a4f45e6936a6b15cc5816d",
                "sha256:295961a6a88f1199e19968e15d9b42f3a191c89ec13034dbc212bf9c394c3c82",
                "sha256:2be5af084de6c3b8e20d6421cb0346378a9c867dcf7c86030d6b0b550f9888e4",
                "sha256:2eb99617c7a0e9f2b90b64bc1fb742611718618572747d6f3d6532b7b78755ab",
                "sha256:4ba654c6b5ad1ae4a4d792abeb695b29ce981bb0f157a41d0fd227b385f2bef0",
                "sha256:5ba766433c30d703f6b2c17eb0b6826c6f898e5f58d89373e235f07764952314",
                "sha256:a59d58ee85b11f337b54933e8d758b2356fcdcc493248e004c9c5e5d11eedbe4",
                "sha256:a6e35d28900cf87bcc11e6ca9e474db0099b78f0be0a41d95bef02d49101b5b2",
                "sha256:b4df7ca9c01018a51e43937eaa41f2f5dce17a6382fda0086403bcb1f5c2cf8e",
                "sha256:bbd5a6bffd3ba8bfe75b16b5e28af15265538e8be011b0b9fddc7d86a453fd4a",
                "sha256:d870f399fcd58a1889e93008762a3b9a27cf7ea512818fc6e689f59495648355",
                "sha256:e9404e2e19e901121c3c5c6cffd5a8ae0d1d67919c970e3b3262231175713068"
            ],
            "version": "==4.3.1"
        },
        "numpy": {
            "hashes": [
                "sha256:0074d42e2cc333800bd09996223d40ec52e3b1ec0a5cab05dacc09b662c4c1ae",
                "sha256:034717bfef517858abc79324820a702dc6cd063effb9baab86533e8a78670689",
                "sha256:0db6301324d0568089663ef2701ad90ebac0e975742c97460e89366692bd0563",
                "sha256:1864d005b2eb7598063e35c320787d87730d864f40d6410f768fe4ea20672016",
                "sha256:46ce8323ca9384814c7645298b8b627b7d04ce97d6948ef02da357b2389d6972",
                "sha256:510863d606c932b41d2209e4de6157ab3fdf52001d3e4ad351103176d33c4b8b",
                "sha256:560e23a12e7599be8e8b67621396c5bc687fd54b48b890adbc71bc5a67333f86",
                "sha256:57dc6c22d59054542600fce6fae2d1189b9c50bafc1aab32e55f7efcc84a6c46",
                "sha256:760550fdf9d8ec7da9c4402a4afe6e25c0f184ae132011676298a6b636660b45",
                "sha256:8670067685051b49d1f2f66e396488064299fefca199c7c80b6ba0c639fedc98",
                "sha256:9016692c7d390f9d378fc88b7a799dc9caa7eb938163dda5276d3f3d6f75debf",
                "sha256:98ff275f1b5907490d26b30b6ff111ecf2de0254f0ab08833d8fe61aa2068a00",
                "sha256:9ccf4d5c9139b1e985db915039baa0610a7e4a45090580065f8d8cb801b7422f",
                "sha256:a8dbab311d4259de5eeaa5b4e83f5f8545e4808f9144e84c0f424a6ee55a7b98",
                "sha256:aaef1bea636b6e552bbc5dae0ada87d4f6046359daaa97a05a013b0169620f27",
                "sha256:b8987e30d9a0eb6635df9705a75cf8c4a2835590244baecf210163343bc65176",
                "sha256:c3fe23df6fe0898e788581753da453f877350058c5982e85a8972feeecb15309",
                "sha256:c5eb7254cfc4bd7a4330ad7e1f65b98343836865338c57b0e25c661e41d5cfd9",
                "sha256:c80fcf9b38c7f4df666150069b04abbd2fe42ae640703a6e1f128cda83b552b7",
                "sha256:e33baf50f2f6b7153ddb973601a11df852697fba4c08b34a5e0f39f66f8120e1",
                "sha256:e8578a62a8eaf552b95d62f630bb5dd071243ba1302bbff3e55ac48588508736",
                "sha256:f22b3206f1c561dd9110b93d144c6aaa4a9a354e3b07ad36030df3ea92c5bb5b",
                "sha256:f39afab5769b3aaa786634b94b4a23ef3c150bdda044e8a32a3fc16ddafe803b"
            ],
            "index": "pypi",
            "version": "==1.14.3"
        },
        "pyaudio": {
            "hashes": [
                "sha256:0d92f6a294565260a282f7c9a0b0d309fc8cc988b5ee5b50645634ab9e2da7f7",
                "sha256:259bb9c1363be895b4f9a97e320a6017dd06bc540728c1a04eb4a7b6fe75035b",
                "sha256:2a19bdb8ec1445b4f3e4b7b109e0e4cec1fd1f1ce588592aeb6db0b58d4fb3b0",
                "sha256:51b558d1b28c68437b53218279110db44f69f3f5dd3d81859f569a4a96962bdc",
                "sha256:589bfad2c615dd4b5d3757e763019c42ab82f06fba5cae64ec02fd7f5ae407ed",
                "sha256:8f89075b4844ea94dde0c951c2937581c989fabd4df09bfd3f075035f50955df",
                "sha256:93bfde30e0b64e63a46f2fd77e85c41fd51182a4a3413d9edfaf9ffaa26efb74",
                "sha256:cf1543ba50bd44ac0d0ab5c035bb9c3127eb76047ff12235149d9adf86f532b6",
                "sha256:f78d543a98b730e64621ebf7f3e2868a79ade0a373882ef51c0293455ffa8e6e"
            ],
            "index": "pypi",
            "version": "==0.2.11"
        },
        "python-engineio": {
            "hashes": [
                "sha256:358b6d04273f7c040068a552d1971c9224b22284be167ba816c9843a7d139635",
                "sha256:68307a9cc24392d7a581460226fd0246f92b1923722c37a4af83c374d94b2c8a"
            ],
            "version": "==2.1.1"
        },
        "python-socketio": {
            "hashes": [
                "sha256:71feb10a1b7b410d8f86bbcb0f589c75a32504a01259ed89aa1d7d5dae9190cc",
                "sha256:93f59452416b00ffd04a4f7d95139235e5eb8876cb090aa939a8e7807fc3ebba"
            ],
            "index": "pypi",
            "version": "==1.9.0"
        },
        "pyttsx3": {
            "hashes": [
                "sha256:03fd07429b21e99ba2d738d25d12328483fae9cb86de7ea9ac5a2617031d7261",
                "sha256:c3d67b54f10252b4254869c85280f48d7b914304fb726d0b41b170f2da3bf0f6"
            ],
            "index": "pypi",
            "version": "==2.7"
        },
        "pyyaml": {
            "hashes": [
                "sha256:0c507b7f74b3d2dd4d1322ec8a94794927305ab4cebbe89cc47fe5e81541e6e8",
                "sha256:16b20e970597e051997d90dc2cddc713a2876c47e3d92d59ee198700c5427736",
                "sha256:3262c96a1ca437e7e4763e2843746588a965426550f3797a79fca9c6199c431f",
                "sha256:326420cbb492172dec84b0f65c80942de6cedb5233c413dd824483989c000608",
                "sha256:4474f8ea030b5127225b8894d626bb66c01cda098d47a2b0d3429b6700af9fd8",
                "sha256:592766c6303207a20efc445587778322d7f73b161bd994f227adaa341ba212ab",
                "sha256:5ac82e411044fb129bae5cfbeb3ba626acb2af31a8d17d175004b70862a741a7",
                "sha256:5f84523c076ad14ff5e6c037fe1c89a7f73a3e04cf0377cb4d017014976433f3",
                "sha256:827dc04b8fa7d07c44de11fabbc888e627fa8293b695e0f99cb544fdfa1bf0d1",
                "sha256:b4c423ab23291d3945ac61346feeb9a0dc4184999ede5e7c43e1ffb975130ae6",
                "sha256:bc6bced57f826ca7cb5125a10b23fd0f2fff3b7c4701d64c439a300ce665fff8",
                "sha256:c01b880ec30b5a6e6aa67b09a2fe3fb30473008c85cd6a67359a1b15ed6d83a4",
                "sha256:ca233c64c6e40eaa6c66ef97058cdc80e8d0157a443655baa1b2966e812807ca",
                "sha256:e863072cdf4c72eebf179342c94e6989c67185842d9997960b3e69290b2fa269"
            ],
            "index": "pypi",
            "version": "==3.12"
        },
        "requests": {
            "hashes": [
                "sha256:6a1b267aa90cac58ac3a765d067950e7dbbf75b1da07e895d1f594193a40a38b",
                "sha256:9c443e7324ba5b85070c4a818ade28bfabedf16ea10206da1132edaa6dda237e"
            ],
            "index": "pypi",
            "version": "==2.18.4"
        },
        "six": {
            "hashes": [
                "sha256:70e8a77beed4562e7f14fe23a786b54f6296e34344c23bc42f07b15018ff98e9",
                "sha256:832dc0e10feb1aa2c68dcc57dbb658f1c7e65b9b61af69048abc87a2db00a0eb"
            ],
            "index": "pypi",
            "version": "==1.11.0"
        },
        "socketio-client": {
            "hashes": [
                "sha256:64cd84fba79cf97f28c11e64d1fc42a2221f2d7a4fada05ab381e2d73d74d2c1"
            ],
            "index": "pypi",
            "version": "==0.7.2"
        },
        "speechrecognition": {
            "hashes": [
                "sha256:4d8f73a0c05ec70331c3bacaa89ecc06dfa8d9aba0899276664cda06ab597e8e"
            ],
            "index": "pypi",
            "version": "==3.8.1"
        },
        "tinydb": {
            "hashes": [
                "sha256:67b3b302fc86e0139db545d5abd65bf0e1dadaecee63bd1ff3fe2169810d5387",
                "sha256:e7d939c52710ee4354bb619b9bed05ae6192645f1520f13d8fcf4f06b5590e02"
            ],
            "index": "pypi",
            "version": "==3.9.0"
        },
        "urllib3": {
            "hashes": [
                "sha256:06330f386d6e4b195fbfc736b297f58c5a892e4440e54d294d7004e3a9bbea1b",
                "sha256:cc44da8e1145637334317feebd728bd869a35285b93cbb4cca2577da7e62db4f"
            ],
            "index": "pypi",
            "version": "==1.22"
        },
        "webrtcvad": {
            "hashes": [
                "sha256:f1bed2fb25b63fb7b1a55d64090c993c9c9167b28485ae0bcdd81cf6ede96aea"
            ],
            "index": "pypi",
            "version": "==2.0.10"
        },
        "websocket-client": {
            "hashes": [
                "sha256:18f1170e6a1b5463986739d9fd45c4308b0d025c1b2f9b88788d8f69e8a5eb4a",
                "sha256:db70953ae4a064698b27ae56dcad84d0ee68b7b43cb40940f537738f38f510c1"
            ],
            "version": "==0.48.0"
        },
        "yarl": {
            "hashes": [
                "sha256:397d150e1352ccd5c8e8c996be80d3c58b2cd80699e49821bebed2d761f90c6d",
                "sha256:437c51e7e31d9fa462ad99f829fb8282eccba836d67868ab61a513d20ec467b7",
                "sha256:4a5e0183c505e0f62023489d138af5d54d4dcc41a51a0797f43287c74651ea65",
                "sha256:59a6973f796487f4616018b96b31f70b48f96d8c2d6ce8c0bb2eb88918127f7c",
                "sha256:5c5c21414f37bed5da3f9f90c6aa50b4b6302fd8c723747e65e07b894a9483cc",
                "sha256:5cbe712703050e63d86b4199a7f3f2d080bbd539cea786591766e6e33bfdf5f1",
                "sha256:7df2ec23eab1adf243f351d36236063a95f348a0206f2cf5637e4aeb179f90a7",
                "sha256:887add43096d991d2ada336e150c20eae0a355d176f657f61e49676fdef4da60",
                "sha256:95a564541e115088f8aa89a8fee607ba1b2ce4fecf43a9b0e84b51079286f9fb"
            ],
            "index": "pypi",
            "version": "==1.2.4"
        }
    },
    "develop": {}
}
